// !$*UTF8*$!
{
	archiveVersion = 1;
	classes = {
	};
	objectVersion = 46;
	objects = {

/* Begin PBXBuildFile section */
		DD4D460E18E522EB0078CA08 /* Foundation.framework in Frameworks */ = {isa = PBXBuildFile; fileRef = DD4D460D18E522EB0078CA08 /* Foundation.framework */; };
		DD4D461018E522EB0078CA08 /* CoreGraphics.framework in Frameworks */ = {isa = PBXBuildFile; fileRef = DD4D460F18E522EB0078CA08 /* CoreGraphics.framework */; };
		DD4D461218E522EB0078CA08 /* UIKit.framework in Frameworks */ = {isa = PBXBuildFile; fileRef = DD4D461118E522EB0078CA08 /* UIKit.framework */; };
		DD4D461818E522EB0078CA08 /* InfoPlist.strings in Resources */ = {isa = PBXBuildFile; fileRef = DD4D461618E522EB0078CA08 /* InfoPlist.strings */; };
		DD4D461A18E522EB0078CA08 /* main.m in Sources */ = {isa = PBXBuildFile; fileRef = DD4D461918E522EB0078CA08 /* main.m */; };
		DD4D461E18E522EB0078CA08 /* AppDelegate.m in Sources */ = {isa = PBXBuildFile; fileRef = DD4D461D18E522EB0078CA08 /* AppDelegate.m */; };
		DD4D462418E522EB0078CA08 /* Main_iPad.storyboard in Resources */ = {isa = PBXBuildFile; fileRef = DD4D462218E522EB0078CA08 /* Main_iPad.storyboard */; };
		DD4D462718E522EB0078CA08 /* ViewController.m in Sources */ = {isa = PBXBuildFile; fileRef = DD4D462618E522EB0078CA08 /* ViewController.m */; };
		DD4D462918E522EB0078CA08 /* Images.xcassets in Resources */ = {isa = PBXBuildFile; fileRef = DD4D462818E522EB0078CA08 /* Images.xcassets */; };
		DD4D463018E522EB0078CA08 /* XCTest.framework in Frameworks */ = {isa = PBXBuildFile; fileRef = DD4D462F18E522EB0078CA08 /* XCTest.framework */; };
		DD4D463118E522EB0078CA08 /* Foundation.framework in Frameworks */ = {isa = PBXBuildFile; fileRef = DD4D460D18E522EB0078CA08 /* Foundation.framework */; };
		DD4D463218E522EB0078CA08 /* UIKit.framework in Frameworks */ = {isa = PBXBuildFile; fileRef = DD4D461118E522EB0078CA08 /* UIKit.framework */; };
		DD4D463A18E522EB0078CA08 /* InfoPlist.strings in Resources */ = {isa = PBXBuildFile; fileRef = DD4D463818E522EB0078CA08 /* InfoPlist.strings */; };
		DD4D463C18E522EB0078CA08 /* Week11inClassTests.m in Sources */ = {isa = PBXBuildFile; fileRef = DD4D463B18E522EB0078CA08 /* Week11inClassTests.m */; };
		DD4D464718E5239D0078CA08 /* libsqlite3.0.dylib in Frameworks */ = {isa = PBXBuildFile; fileRef = DD4D464518E5239D0078CA08 /* libsqlite3.0.dylib */; };
		DD4D464818E5239D0078CA08 /* libsqlite3.dylib in Frameworks */ = {isa = PBXBuildFile; fileRef = DD4D464618E5239D0078CA08 /* libsqlite3.dylib */; };
/* End PBXBuildFile section */

/* Begin PBXContainerItemProxy section */
		DD4D463318E522EB0078CA08 /* PBXContainerItemProxy */ = {
			isa = PBXContainerItemProxy;
			containerPortal = DD4D460218E522EB0078CA08 /* Project object */;
			proxyType = 1;
			remoteGlobalIDString = DD4D460918E522EB0078CA08;
			remoteInfo = Week11inClass;
		};
/* End PBXContainerItemProxy section */

/* Begin PBXFileReference section */
		DD4D460A18E522EB0078CA08 /* Week11inClass.app */ = {isa = PBXFileReference; explicitFileType = wrapper.application; includeInIndex = 0; path = Week11inClass.app; sourceTree = BUILT_PRODUCTS_DIR; };
		DD4D460D18E522EB0078CA08 /* Foundation.framework */ = {isa = PBXFileReference; lastKnownFileType = wrapper.framework; name = Foundation.framework; path = System/Library/Frameworks/Foundation.framework; sourceTree = SDKROOT; };
		DD4D460F18E522EB0078CA08 /* CoreGraphics.framework */ = {isa = PBXFileReference; lastKnownFileType = wrapper.framework; name = CoreGraphics.framework; path = System/Library/Frameworks/CoreGraphics.framework; sourceTree = SDKROOT; };
		DD4D461118E522EB0078CA08 /* UIKit.framework */ = {isa = PBXFileReference; lastKnownFileType = wrapper.framework; name = UIKit.framework; path = System/Library/Frameworks/UIKit.framework; sourceTree = SDKROOT; };
		DD4D461518E522EB0078CA08 /* Week11inClass-Info.plist */ = {isa = PBXFileReference; lastKnownFileType = text.plist.xml; path = "Week11inClass-Info.plist"; sourceTree = "<group>"; };
		DD4D461718E522EB0078CA08 /* en */ = {isa = PBXFileReference; lastKnownFileType = text.plist.strings; name = en; path = en.lproj/InfoPlist.strings; sourceTree = "<group>"; };
		DD4D461918E522EB0078CA08 /* main.m */ = {isa = PBXFileReference; lastKnownFileType = sourcecode.c.objc; path = main.m; sourceTree = "<group>"; };
		DD4D461B18E522EB0078CA08 /* Week11inClass-Prefix.pch */ = {isa = PBXFileReference; lastKnownFileType = sourcecode.c.h; path = "Week11inClass-Prefix.pch"; sourceTree = "<group>"; };
		DD4D461C18E522EB0078CA08 /* AppDelegate.h */ = {isa = PBXFileReference; lastKnownFileType = sourcecode.c.h; path = AppDelegate.h; sourceTree = "<group>"; };
		DD4D461D18E522EB0078CA08 /* AppDelegate.m */ = {isa = PBXFileReference; lastKnownFileType = sourcecode.c.objc; path = AppDelegate.m; sourceTree = "<group>"; };
		DD4D462318E522EB0078CA08 /* Base */ = {isa = PBXFileReference; lastKnownFileType = file.storyboard; name = Base; path = Base.lproj/Main_iPad.storyboard; sourceTree = "<group>"; };
		DD4D462518E522EB0078CA08 /* ViewController.h */ = {isa = PBXFileReference; lastKnownFileType = sourcecode.c.h; path = ViewController.h; sourceTree = "<group>"; };
		DD4D462618E522EB0078CA08 /* ViewController.m */ = {isa = PBXFileReference; lastKnownFileType = sourcecode.c.objc; path = ViewController.m; sourceTree = "<group>"; };
		DD4D462818E522EB0078CA08 /* Images.xcassets */ = {isa = PBXFileReference; lastKnownFileType = folder.assetcatalog; path = Images.xcassets; sourceTree = "<group>"; };
		DD4D462E18E522EB0078CA08 /* Week11inClassTests.xctest */ = {isa = PBXFileReference; explicitFileType = wrapper.cfbundle; includeInIndex = 0; path = Week11inClassTests.xctest; sourceTree = BUILT_PRODUCTS_DIR; };
		DD4D462F18E522EB0078CA08 /* XCTest.framework */ = {isa = PBXFileReference; lastKnownFileType = wrapper.framework; name = XCTest.framework; path = Library/Frameworks/XCTest.framework; sourceTree = DEVELOPER_DIR; };
		DD4D463718E522EB0078CA08 /* Week11inClassTests-Info.plist */ = {isa = PBXFileReference; lastKnownFileType = text.plist.xml; path = "Week11inClassTests-Info.plist"; sourceTree = "<group>"; };
		DD4D463918E522EB0078CA08 /* en */ = {isa = PBXFileReference; lastKnownFileType = text.plist.strings; name = en; path = en.lproj/InfoPlist.strings; sourceTree = "<group>"; };
		DD4D463B18E522EB0078CA08 /* Week11inClassTests.m */ = {isa = PBXFileReference; lastKnownFileType = sourcecode.c.objc; path = Week11inClassTests.m; sourceTree = "<group>"; };
		DD4D464518E5239D0078CA08 /* libsqlite3.0.dylib */ = {isa = PBXFileReference; lastKnownFileType = "compiled.mach-o.dylib"; name = libsqlite3.0.dylib; path = usr/lib/libsqlite3.0.dylib; sourceTree = SDKROOT; };
		DD4D464618E5239D0078CA08 /* libsqlite3.dylib */ = {isa = PBXFileReference; lastKnownFileType = "compiled.mach-o.dylib"; name = libsqlite3.dylib; path = usr/lib/libsqlite3.dylib; sourceTree = SDKROOT; };
/* End PBXFileReference section */

/* Begin PBXFrameworksBuildPhase section */
		DD4D460718E522EB0078CA08 /* Frameworks */ = {
			isa = PBXFrameworksBuildPhase;
			buildActionMask = 2147483647;
			files = (
				DD4D464718E5239D0078CA08 /* libsqlite3.0.dylib in Frameworks */,
				DD4D464818E5239D0078CA08 /* libsqlite3.dylib in Frameworks */,
				DD4D461018E522EB0078CA08 /* CoreGraphics.framework in Frameworks */,
				DD4D461218E522EB0078CA08 /* UIKit.framework in Frameworks */,
				DD4D460E18E522EB0078CA08 /* Foundation.framework in Frameworks */,
			);
			runOnlyForDeploymentPostprocessing = 0;
		};
		DD4D462B18E522EB0078CA08 /* Frameworks */ = {
			isa = PBXFrameworksBuildPhase;
			buildActionMask = 2147483647;
			files = (
				DD4D463018E522EB0078CA08 /* XCTest.framework in Frameworks */,
				DD4D463218E522EB0078CA08 /* UIKit.framework in Frameworks */,
				DD4D463118E522EB0078CA08 /* Foundation.framework in Frameworks */,
			);
			runOnlyForDeploymentPostprocessing = 0;
		};
/* End PBXFrameworksBuildPhase section */

/* Begin PBXGroup section */
		DD4D460118E522EB0078CA08 = {
			isa = PBXGroup;
			children = (
				DD4D461318E522EB0078CA08 /* Week11inClass */,
				DD4D463518E522EB0078CA08 /* Week11inClassTests */,
				DD4D460C18E522EB0078CA08 /* Frameworks */,
				DD4D460B18E522EB0078CA08 /* Products */,
			);
			sourceTree = "<group>";
		};
		DD4D460B18E522EB0078CA08 /* Products */ = {
			isa = PBXGroup;
			children = (
				DD4D460A18E522EB0078CA08 /* Week11inClass.app */,
				DD4D462E18E522EB0078CA08 /* Week11inClassTests.xctest */,
			);
			name = Products;
			sourceTree = "<group>";
		};
		DD4D460C18E522EB0078CA08 /* Frameworks */ = {
			isa = PBXGroup;
			children = (
				DD4D464518E5239D0078CA08 /* libsqlite3.0.dylib */,
				DD4D464618E5239D0078CA08 /* libsqlite3.dylib */,
				DD4D460D18E522EB0078CA08 /* Foundation.framework */,
				DD4D460F18E522EB0078CA08 /* CoreGraphics.framework */,
				DD4D461118E522EB0078CA08 /* UIKit.framework */,
				DD4D462F18E522EB0078CA08 /* XCTest.framework */,
			);
			name = Frameworks;
			sourceTree = "<group>";
		};
		DD4D461318E522EB0078CA08 /* Week11inClass */ = {
			isa = PBXGroup;
			children = (
				DD4D461C18E522EB0078CA08 /* AppDelegate.h */,
				DD4D461D18E522EB0078CA08 /* AppDelegate.m */,
				DD4D462218E522EB0078CA08 /* Main_iPad.storyboard */,
				DD4D462518E522EB0078CA08 /* ViewController.h */,
				DD4D462618E522EB0078CA08 /* ViewController.m */,
				DD4D462818E522EB0078CA08 /* Images.xcassets */,
				DD4D461418E522EB0078CA08 /* Supporting Files */,
			);
			path = Week11inClass;
			sourceTree = "<group>";
		};
		DD4D461418E522EB0078CA08 /* Supporting Files */ = {
			isa = PBXGroup;
			children = (
				DD4D461518E522EB0078CA08 /* Week11inClass-Info.plist */,
				DD4D461618E522EB0078CA08 /* InfoPlist.strings */,
				DD4D461918E522EB0078CA08 /* main.m */,
				DD4D461B18E522EB0078CA08 /* Week11inClass-Prefix.pch */,
			);
			name = "Supporting Files";
			sourceTree = "<group>";
		};
		DD4D463518E522EB0078CA08 /* Week11inClassTests */ = {
			isa = PBXGroup;
			children = (
				DD4D463B18E522EB0078CA08 /* Week11inClassTests.m */,
				DD4D463618E522EB0078CA08 /* Supporting Files */,
			);
			path = Week11inClassTests;
			sourceTree = "<group>";
		};
		DD4D463618E522EB0078CA08 /* Supporting Files */ = {
			isa = PBXGroup;
			children = (
				DD4D463718E522EB0078CA08 /* Week11inClassTests-Info.plist */,
				DD4D463818E522EB0078CA08 /* InfoPlist.strings */,
			);
			name = "Supporting Files";
			sourceTree = "<group>";
		};
/* End PBXGroup section */

/* Begin PBXNativeTarget section */
		DD4D460918E522EB0078CA08 /* Week11inClass */ = {
			isa = PBXNativeTarget;
			buildConfigurationList = DD4D463F18E522EB0078CA08 /* Build configuration list for PBXNativeTarget "Week11inClass" */;
			buildPhases = (
				DD4D460618E522EB0078CA08 /* Sources */,
				DD4D460718E522EB0078CA08 /* Frameworks */,
				DD4D460818E522EB0078CA08 /* Resources */,
			);
			buildRules = (
			);
			dependencies = (
			);
			name = Week11inClass;
			productName = Week11inClass;
			productReference = DD4D460A18E522EB0078CA08 /* Week11inClass.app */;
			productType = "com.apple.product-type.application";
		};
		DD4D462D18E522EB0078CA08 /* Week11inClassTests */ = {
			isa = PBXNativeTarget;
			buildConfigurationList = DD4D464218E522EB0078CA08 /* Build configuration list for PBXNativeTarget "Week11inClassTests" */;
			buildPhases = (
				DD4D462A18E522EB0078CA08 /* Sources */,
				DD4D462B18E522EB0078CA08 /* Frameworks */,
				DD4D462C18E522EB0078CA08 /* Resources */,
			);
			buildRules = (
			);
			dependencies = (
				DD4D463418E522EB0078CA08 /* PBXTargetDependency */,
			);
			name = Week11inClassTests;
			productName = Week11inClassTests;
			productReference = DD4D462E18E522EB0078CA08 /* Week11inClassTests.xctest */;
			productType = "com.apple.product-type.bundle.unit-test";
		};
/* End PBXNativeTarget section */

/* Begin PBXProject section */
		DD4D460218E522EB0078CA08 /* Project object */ = {
			isa = PBXProject;
			attributes = {
				LastUpgradeCheck = 0510;
				ORGANIZATIONNAME = "Ryan Alvarado";
				TargetAttributes = {
					DD4D462D18E522EB0078CA08 = {
						TestTargetID = DD4D460918E522EB0078CA08;
					};
				};
			};
			buildConfigurationList = DD4D460518E522EB0078CA08 /* Build configuration list for PBXProject "Week11inClass" */;
			compatibilityVersion = "Xcode 3.2";
			developmentRegion = English;
			hasScannedForEncodings = 0;
			knownRegions = (
				en,
				Base,
			);
			mainGroup = DD4D460118E522EB0078CA08;
			productRefGroup = DD4D460B18E522EB0078CA08 /* Products */;
			projectDirPath = "";
			projectRoot = "";
			targets = (
				DD4D460918E522EB0078CA08 /* Week11inClass */,
				DD4D462D18E522EB0078CA08 /* Week11inClassTests */,
			);
		};
/* End PBXProject section */

/* Begin PBXResourcesBuildPhase section */
		DD4D460818E522EB0078CA08 /* Resources */ = {
			isa = PBXResourcesBuildPhase;
			buildActionMask = 2147483647;
			files = (
				DD4D462418E522EB0078CA08 /* Main_iPad.storyboard in Resources */,
				DD4D462918E522EB0078CA08 /* Images.xcassets in Resources */,
				DD4D461818E522EB0078CA08 /* InfoPlist.strings in Resources */,
			);
			runOnlyForDeploymentPostprocessing = 0;
		};
		DD4D462C18E522EB0078CA08 /* Resources */ = {
			isa = PBXResourcesBuildPhase;
			buildActionMask = 2147483647;
			files = (
				DD4D463A18E522EB0078CA08 /* InfoPlist.strings in Resources */,
			);
			runOnlyForDeploymentPostprocessing = 0;
		};
/* End PBXResourcesBuildPhase section */

/* Begin PBXSourcesBuildPhase section */
		DD4D460618E522EB0078CA08 /* Sources */ = {
			isa = PBXSourcesBuildPhase;
			buildActionMask = 2147483647;
			files = (
				DD4D462718E522EB0078CA08 /* ViewController.m in Sources */,
				DD4D461E18E522EB0078CA08 /* AppDelegate.m in Sources */,
				DD4D461A18E522EB0078CA08 /* main.m in Sources */,
			);
			runOnlyForDeploymentPostprocessing = 0;
		};
		DD4D462A18E522EB0078CA08 /* Sources */ = {
			isa = PBXSourcesBuildPhase;
			buildActionMask = 2147483647;
			files = (
				DD4D463C18E522EB0078CA08 /* Week11inClassTests.m in Sources */,
			);
			runOnlyForDeploymentPostprocessing = 0;
		};
/* End PBXSourcesBuildPhase section */

/* Begin PBXTargetDependency section */
		DD4D463418E522EB0078CA08 /* PBXTargetDependency */ = {
			isa = PBXTargetDependency;
			target = DD4D460918E522EB0078CA08 /* Week11inClass */;
			targetProxy = DD4D463318E522EB0078CA08 /* PBXContainerItemProxy */;
		};
/* End PBXTargetDependency section */

/* Begin PBXVariantGroup section */
		DD4D461618E522EB0078CA08 /* InfoPlist.strings */ = {
			isa = PBXVariantGroup;
			children = (
				DD4D461718E522EB0078CA08 /* en */,
			);
			name = InfoPlist.strings;
			sourceTree = "<group>";
		};
		DD4D462218E522EB0078CA08 /* Main_iPad.storyboard */ = {
			isa = PBXVariantGroup;
			children = (
				DD4D462318E522EB0078CA08 /* Base */,
			);
			name = Main_iPad.storyboard;
			sourceTree = "<group>";
		};
		DD4D463818E522EB0078CA08 /* InfoPlist.strings */ = {
			isa = PBXVariantGroup;
			children = (
				DD4D463918E522EB0078CA08 /* en */,
			);
			name = InfoPlist.strings;
			sourceTree = "<group>";
		};
/* End PBXVariantGroup section */

/* Begin XCBuildConfiguration section */
		DD4D463D18E522EB0078CA08 /* Debug */ = {
			isa = XCBuildConfiguration;
			buildSettings = {
				ALWAYS_SEARCH_USER_PATHS = NO;
				CLANG_CXX_LANGUAGE_STANDARD = "gnu++0x";
				CLANG_CXX_LIBRARY = "libc++";
				CLANG_ENABLE_MODULES = YES;
				CLANG_ENABLE_OBJC_ARC = YES;
				CLANG_WARN_BOOL_CONVERSION = YES;
				CLANG_WARN_CONSTANT_CONVERSION = YES;
				CLANG_WARN_DIRECT_OBJC_ISA_USAGE = YES_ERROR;
				CLANG_WARN_EMPTY_BODY = YES;
				CLANG_WARN_ENUM_CONVERSION = YES;
				CLANG_WARN_INT_CONVERSION = YES;
				CLANG_WARN_OBJC_ROOT_CLASS = YES_ERROR;
				CLANG_WARN__DUPLICATE_METHOD_MATCH = YES;
				"CODE_SIGN_IDENTITY[sdk=iphoneos*]" = "iPhone Developer";
				COPY_PHASE_STRIP = NO;
				GCC_C_LANGUAGE_STANDARD = gnu99;
				GCC_DYNAMIC_NO_PIC = NO;
				GCC_OPTIMIZATION_LEVEL = 0;
				GCC_PREPROCESSOR_DEFINITIONS = (
					"DEBUG=1",
					"$(inherited)",
				);
				GCC_SYMBOLS_PRIVATE_EXTERN = NO;
				GCC_WARN_64_TO_32_BIT_CONVERSION = YES;
				GCC_WARN_ABOUT_RETURN_TYPE = YES_ERROR;
				GCC_WARN_UNDECLARED_SELECTOR = YES;
				GCC_WARN_UNINITIALIZED_AUTOS = YES_AGGRESSIVE;
				GCC_WARN_UNUSED_FUNCTION = YES;
				GCC_WARN_UNUSED_VARIABLE = YES;
				IPHONEOS_DEPLOYMENT_TARGET = 7.1;
				ONLY_ACTIVE_ARCH = YES;
				SDKROOT = iphoneos;
				TARGETED_DEVICE_FAMILY = "1,2";
			};
			name = Debug;
		};
		DD4D463E18E522EB0078CA08 /* Release */ = {
			isa = XCBuildConfiguration;
			buildSettings = {
				ALWAYS_SEARCH_USER_PATHS = NO;
				CLANG_CXX_LANGUAGE_STANDARD = "gnu++0x";
				CLANG_CXX_LIBRARY = "libc++";
				CLANG_ENABLE_MODULES = YES;
				CLANG_ENABLE_OBJC_ARC = YES;
				CLANG_WARN_BOOL_CONVERSION = YES;
				CLANG_WARN_CONSTANT_CONVERSION = YES;
				CLANG_WARN_DIRECT_OBJC_ISA_USAGE = YES_ERROR;
				CLANG_WARN_EMPTY_BODY = YES;
				CLANG_WARN_ENUM_CONVERSION = YES;
				CLANG_WARN_INT_CONVERSION = YES;
				CLANG_WARN_OBJC_ROOT_CLASS = YES_ERROR;
				CLANG_WARN__DUPLICATE_METHOD_MATCH = YES;
				"CODE_SIGN_IDENTITY[sdk=iphoneos*]" = "iPhone Developer";
				COPY_PHASE_STRIP = YES;
				ENABLE_NS_ASSERTIONS = NO;
				GCC_C_LANGUAGE_STANDARD = gnu99;
				GCC_WARN_64_TO_32_BIT_CONVERSION = YES;
				GCC_WARN_ABOUT_RETURN_TYPE = YES_ERROR;
				GCC_WARN_UNDECLARED_SELECTOR = YES;
				GCC_WARN_UNINITIALIZED_AUTOS = YES_AGGRESSIVE;
				GCC_WARN_UNUSED_FUNCTION = YES;
				GCC_WARN_UNUSED_VARIABLE = YES;
				IPHONEOS_DEPLOYMENT_TARGET = 7.1;
				SDKROOT = iphoneos;
				TARGETED_DEVICE_FAMILY = "1,2";
				VALIDATE_PRODUCT = YES;
			};
			name = Release;
		};
		DD4D464018E522EB0078CA08 /* Debug */ = {
			isa = XCBuildConfiguration;
			buildSettings = {
				ASSETCATALOG_COMPILER_APPICON_NAME = AppIcon;
				ASSETCATALOG_COMPILER_LAUNCHIMAGE_NAME = LaunchImage;
				GCC_PRECOMPILE_PREFIX_HEADER = YES;
				GCC_PREFIX_HEADER = "Week11inClass/Week11inClass-Prefix.pch";
				INFOPLIST_FILE = "Week11inClass/Week11inClass-Info.plist";
				PRODUCT_NAME = "$(TARGET_NAME)";
				WRAPPER_EXTENSION = app;
			};
			name = Debug;
		};
		DD4D464118E522EB0078CA08 /* Release */ = {
			isa = XCBuildConfiguration;
			buildSettings = {
				ASSETCATALOG_COMPILER_APPICON_NAME = AppIcon;
				ASSETCATALOG_COMPILER_LAUNCHIMAGE_NAME = LaunchImage;
				GCC_PRECOMPILE_PREFIX_HEADER = YES;
				GCC_PREFIX_HEADER = "Week11inClass/Week11inClass-Prefix.pch";
				INFOPLIST_FILE = "Week11inClass/Week11inClass-Info.plist";
				PRODUCT_NAME = "$(TARGET_NAME)";
				WRAPPER_EXTENSION = app;
			};
			name = Release;
		};
		DD4D464318E522EB0078CA08 /* Debug */ = {
			isa = XCBuildConfiguration;
			buildSettings = {
				BUNDLE_LOADER = "$(BUILT_PRODUCTS_DIR)/Week11inClass.app/Week11inClass";
				FRAMEWORK_SEARCH_PATHS = (
					"$(SDKROOT)/Developer/Library/Frameworks",
					"$(inherited)",
					"$(DEVELOPER_FRAMEWORKS_DIR)",
				);
				GCC_PRECOMPILE_PREFIX_HEADER = YES;
				GCC_PREFIX_HEADER = "Week11inClass/Week11inClass-Prefix.pch";
				GCC_PREPROCESSOR_DEFINITIONS = (
					"DEBUG=1",
					"$(inherited)",
				);
				INFOPLIST_FILE = "Week11inClassTests/Week11inClassTests-Info.plist";
				PRODUCT_NAME = "$(TARGET_NAME)";
				TEST_HOST = "$(BUNDLE_LOADER)";
				WRAPPER_EXTENSION = xctest;
			};
			name = Debug;
		};
		DD4D464418E522EB0078CA08 /* Release */ = {
			isa = XCBuildConfiguration;
			buildSettings = {
				BUNDLE_LOADER = "$(BUILT_PRODUCTS_DIR)/Week11inClass.app/Week11inClass";
				FRAMEWORK_SEARCH_PATHS = (
					"$(SDKROOT)/Developer/Library/Frameworks",
					"$(inherited)",
					"$(DEVELOPER_FRAMEWORKS_DIR)",
				);
				GCC_PRECOMPILE_PREFIX_HEADER = YES;
				GCC_PREFIX_HEADER = "Week11inClass/Week11inClass-Prefix.pch";
				INFOPLIST_FILE = "Week11inClassTests/Week11inClassTests-Info.plist";
				PRODUCT_NAME = "$(TARGET_NAME)";
				TEST_HOST = "$(BUNDLE_LOADER)";
				WRAPPER_EXTENSION = xctest;
			};
			name = Release;
		};
/* End XCBuildConfiguration section */

/* Begin XCConfigurationList section */
		DD4D460518E522EB0078CA08 /* Build configuration list for PBXProject "Week11inClass" */ = {
			isa = XCConfigurationList;
			buildConfigurations = (
				DD4D463D18E522EB0078CA08 /* Debug */,
				DD4D463E18E522EB0078CA08 /* Release */,
			);
			defaultConfigurationIsVisible = 0;
			defaultConfigurationName = Release;
		};
		DD4D463F18E522EB0078CA08 /* Build configuration list for PBXNativeTarget "Week11inClass" */ = {
			isa = XCConfigurationList;
			buildConfigurations = (
				DD4D464018E522EB0078CA08 /* Debug */,
				DD4D464118E522EB0078CA08 /* Release */,
			);
			defaultConfigurationIsVisible = 0;
		};
		DD4D464218E522EB0078CA08 /* Build configuration list for PBXNativeTarget "Week11inClassTests" */ = {
			isa = XCConfigurationList;
			buildConfigurations = (
				DD4D464318E522EB0078CA08 /* Debug */,
				DD4D464418E522EB0078CA08 /* Release */,
			);
			defaultConfigurationIsVisible = 0;
		};
/* End XCConfigurationList section */
	};
	rootObject = DD4D460218E522EB0078CA08 /* Project object */;
}
