// !$*UTF8*$!
{
	archiveVersion = 1;
	classes = {
	};
	objectVersion = 46;
	objects = {

/* Begin PBXBuildFile section */
		DDBB77DF18DFBA7000B09F36 /* Foundation.framework in Frameworks */ = {isa = PBXBuildFile; fileRef = DDBB77DE18DFBA7000B09F36 /* Foundation.framework */; };
		DDBB77E118DFBA7000B09F36 /* CoreGraphics.framework in Frameworks */ = {isa = PBXBuildFile; fileRef = DDBB77E018DFBA7000B09F36 /* CoreGraphics.framework */; };
		DDBB77E318DFBA7000B09F36 /* UIKit.framework in Frameworks */ = {isa = PBXBuildFile; fileRef = DDBB77E218DFBA7000B09F36 /* UIKit.framework */; };
		DDBB77E918DFBA7000B09F36 /* InfoPlist.strings in Resources */ = {isa = PBXBuildFile; fileRef = DDBB77E718DFBA7000B09F36 /* InfoPlist.strings */; };
		DDBB77EB18DFBA7000B09F36 /* main.m in Sources */ = {isa = PBXBuildFile; fileRef = DDBB77EA18DFBA7000B09F36 /* main.m */; };
		DDBB77EF18DFBA7000B09F36 /* AppDelegate.m in Sources */ = {isa = PBXBuildFile; fileRef = DDBB77EE18DFBA7000B09F36 /* AppDelegate.m */; };
		DDBB77F218DFBA7000B09F36 /* Main_iPhone.storyboard in Resources */ = {isa = PBXBuildFile; fileRef = DDBB77F018DFBA7000B09F36 /* Main_iPhone.storyboard */; };
		DDBB77F518DFBA7000B09F36 /* Main_iPad.storyboard in Resources */ = {isa = PBXBuildFile; fileRef = DDBB77F318DFBA7000B09F36 /* Main_iPad.storyboard */; };
		DDBB77F818DFBA7000B09F36 /* FirstViewController.m in Sources */ = {isa = PBXBuildFile; fileRef = DDBB77F718DFBA7000B09F36 /* FirstViewController.m */; };
		DDBB77FB18DFBA7000B09F36 /* SecondViewController.m in Sources */ = {isa = PBXBuildFile; fileRef = DDBB77FA18DFBA7000B09F36 /* SecondViewController.m */; };
		DDBB77FD18DFBA7000B09F36 /* Images.xcassets in Resources */ = {isa = PBXBuildFile; fileRef = DDBB77FC18DFBA7000B09F36 /* Images.xcassets */; };
		DDBB780418DFBA7000B09F36 /* XCTest.framework in Frameworks */ = {isa = PBXBuildFile; fileRef = DDBB780318DFBA7000B09F36 /* XCTest.framework */; };
		DDBB780518DFBA7000B09F36 /* Foundation.framework in Frameworks */ = {isa = PBXBuildFile; fileRef = DDBB77DE18DFBA7000B09F36 /* Foundation.framework */; };
		DDBB780618DFBA7000B09F36 /* UIKit.framework in Frameworks */ = {isa = PBXBuildFile; fileRef = DDBB77E218DFBA7000B09F36 /* UIKit.framework */; };
		DDBB780E18DFBA7000B09F36 /* InfoPlist.strings in Resources */ = {isa = PBXBuildFile; fileRef = DDBB780C18DFBA7000B09F36 /* InfoPlist.strings */; };
		DDBB781018DFBA7000B09F36 /* Week9AssignmentTests.m in Sources */ = {isa = PBXBuildFile; fileRef = DDBB780F18DFBA7000B09F36 /* Week9AssignmentTests.m */; };
/* End PBXBuildFile section */

/* Begin PBXContainerItemProxy section */
		DDBB780718DFBA7000B09F36 /* PBXContainerItemProxy */ = {
			isa = PBXContainerItemProxy;
			containerPortal = DDBB77D318DFBA7000B09F36 /* Project object */;
			proxyType = 1;
			remoteGlobalIDString = DDBB77DA18DFBA7000B09F36;
			remoteInfo = Week9Assignment;
		};
/* End PBXContainerItemProxy section */

/* Begin PBXFileReference section */
		DDBB77DB18DFBA7000B09F36 /* Week9Assignment.app */ = {isa = PBXFileReference; explicitFileType = wrapper.application; includeInIndex = 0; path = Week9Assignment.app; sourceTree = BUILT_PRODUCTS_DIR; };
		DDBB77DE18DFBA7000B09F36 /* Foundation.framework */ = {isa = PBXFileReference; lastKnownFileType = wrapper.framework; name = Foundation.framework; path = System/Library/Frameworks/Foundation.framework; sourceTree = SDKROOT; };
		DDBB77E018DFBA7000B09F36 /* CoreGraphics.framework */ = {isa = PBXFileReference; lastKnownFileType = wrapper.framework; name = CoreGraphics.framework; path = System/Library/Frameworks/CoreGraphics.framework; sourceTree = SDKROOT; };
		DDBB77E218DFBA7000B09F36 /* UIKit.framework */ = {isa = PBXFileReference; lastKnownFileType = wrapper.framework; name = UIKit.framework; path = System/Library/Frameworks/UIKit.framework; sourceTree = SDKROOT; };
		DDBB77E618DFBA7000B09F36 /* Week9Assignment-Info.plist */ = {isa = PBXFileReference; lastKnownFileType = text.plist.xml; path = "Week9Assignment-Info.plist"; sourceTree = "<group>"; };
		DDBB77E818DFBA7000B09F36 /* en */ = {isa = PBXFileReference; lastKnownFileType = text.plist.strings; name = en; path = en.lproj/InfoPlist.strings; sourceTree = "<group>"; };
		DDBB77EA18DFBA7000B09F36 /* main.m */ = {isa = PBXFileReference; lastKnownFileType = sourcecode.c.objc; path = main.m; sourceTree = "<group>"; };
		DDBB77EC18DFBA7000B09F36 /* Week9Assignment-Prefix.pch */ = {isa = PBXFileReference; lastKnownFileType = sourcecode.c.h; path = "Week9Assignment-Prefix.pch"; sourceTree = "<group>"; };
		DDBB77ED18DFBA7000B09F36 /* AppDelegate.h */ = {isa = PBXFileReference; lastKnownFileType = sourcecode.c.h; path = AppDelegate.h; sourceTree = "<group>"; };
		DDBB77EE18DFBA7000B09F36 /* AppDelegate.m */ = {isa = PBXFileReference; lastKnownFileType = sourcecode.c.objc; path = AppDelegate.m; sourceTree = "<group>"; };
		DDBB77F118DFBA7000B09F36 /* Base */ = {isa = PBXFileReference; lastKnownFileType = file.storyboard; name = Base; path = Base.lproj/Main_iPhone.storyboard; sourceTree = "<group>"; };
		DDBB77F418DFBA7000B09F36 /* Base */ = {isa = PBXFileReference; lastKnownFileType = file.storyboard; name = Base; path = Base.lproj/Main_iPad.storyboard; sourceTree = "<group>"; };
		DDBB77F618DFBA7000B09F36 /* FirstViewController.h */ = {isa = PBXFileReference; lastKnownFileType = sourcecode.c.h; path = FirstViewController.h; sourceTree = "<group>"; };
		DDBB77F718DFBA7000B09F36 /* FirstViewController.m */ = {isa = PBXFileReference; lastKnownFileType = sourcecode.c.objc; path = FirstViewController.m; sourceTree = "<group>"; };
		DDBB77F918DFBA7000B09F36 /* SecondViewController.h */ = {isa = PBXFileReference; lastKnownFileType = sourcecode.c.h; path = SecondViewController.h; sourceTree = "<group>"; };
		DDBB77FA18DFBA7000B09F36 /* SecondViewController.m */ = {isa = PBXFileReference; lastKnownFileType = sourcecode.c.objc; path = SecondViewController.m; sourceTree = "<group>"; };
		DDBB77FC18DFBA7000B09F36 /* Images.xcassets */ = {isa = PBXFileReference; lastKnownFileType = folder.assetcatalog; path = Images.xcassets; sourceTree = "<group>"; };
		DDBB780218DFBA7000B09F36 /* Week9AssignmentTests.xctest */ = {isa = PBXFileReference; explicitFileType = wrapper.cfbundle; includeInIndex = 0; path = Week9AssignmentTests.xctest; sourceTree = BUILT_PRODUCTS_DIR; };
		DDBB780318DFBA7000B09F36 /* XCTest.framework */ = {isa = PBXFileReference; lastKnownFileType = wrapper.framework; name = XCTest.framework; path = Library/Frameworks/XCTest.framework; sourceTree = DEVELOPER_DIR; };
		DDBB780B18DFBA7000B09F36 /* Week9AssignmentTests-Info.plist */ = {isa = PBXFileReference; lastKnownFileType = text.plist.xml; path = "Week9AssignmentTests-Info.plist"; sourceTree = "<group>"; };
		DDBB780D18DFBA7000B09F36 /* en */ = {isa = PBXFileReference; lastKnownFileType = text.plist.strings; name = en; path = en.lproj/InfoPlist.strings; sourceTree = "<group>"; };
		DDBB780F18DFBA7000B09F36 /* Week9AssignmentTests.m */ = {isa = PBXFileReference; lastKnownFileType = sourcecode.c.objc; path = Week9AssignmentTests.m; sourceTree = "<group>"; };
/* End PBXFileReference section */

/* Begin PBXFrameworksBuildPhase section */
		DDBB77D818DFBA7000B09F36 /* Frameworks */ = {
			isa = PBXFrameworksBuildPhase;
			buildActionMask = 2147483647;
			files = (
				DDBB77E118DFBA7000B09F36 /* CoreGraphics.framework in Frameworks */,
				DDBB77E318DFBA7000B09F36 /* UIKit.framework in Frameworks */,
				DDBB77DF18DFBA7000B09F36 /* Foundation.framework in Frameworks */,
			);
			runOnlyForDeploymentPostprocessing = 0;
		};
		DDBB77FF18DFBA7000B09F36 /* Frameworks */ = {
			isa = PBXFrameworksBuildPhase;
			buildActionMask = 2147483647;
			files = (
				DDBB780418DFBA7000B09F36 /* XCTest.framework in Frameworks */,
				DDBB780618DFBA7000B09F36 /* UIKit.framework in Frameworks */,
				DDBB780518DFBA7000B09F36 /* Foundation.framework in Frameworks */,
			);
			runOnlyForDeploymentPostprocessing = 0;
		};
/* End PBXFrameworksBuildPhase section */

/* Begin PBXGroup section */
		DDBB77D218DFBA7000B09F36 = {
			isa = PBXGroup;
			children = (
				DDBB77E418DFBA7000B09F36 /* Week9Assignment */,
				DDBB780918DFBA7000B09F36 /* Week9AssignmentTests */,
				DDBB77DD18DFBA7000B09F36 /* Frameworks */,
				DDBB77DC18DFBA7000B09F36 /* Products */,
			);
			sourceTree = "<group>";
		};
		DDBB77DC18DFBA7000B09F36 /* Products */ = {
			isa = PBXGroup;
			children = (
				DDBB77DB18DFBA7000B09F36 /* Week9Assignment.app */,
				DDBB780218DFBA7000B09F36 /* Week9AssignmentTests.xctest */,
			);
			name = Products;
			sourceTree = "<group>";
		};
		DDBB77DD18DFBA7000B09F36 /* Frameworks */ = {
			isa = PBXGroup;
			children = (
				DDBB77DE18DFBA7000B09F36 /* Foundation.framework */,
				DDBB77E018DFBA7000B09F36 /* CoreGraphics.framework */,
				DDBB77E218DFBA7000B09F36 /* UIKit.framework */,
				DDBB780318DFBA7000B09F36 /* XCTest.framework */,
			);
			name = Frameworks;
			sourceTree = "<group>";
		};
		DDBB77E418DFBA7000B09F36 /* Week9Assignment */ = {
			isa = PBXGroup;
			children = (
				DDBB77ED18DFBA7000B09F36 /* AppDelegate.h */,
				DDBB77EE18DFBA7000B09F36 /* AppDelegate.m */,
				DDBB77F018DFBA7000B09F36 /* Main_iPhone.storyboard */,
				DDBB77F318DFBA7000B09F36 /* Main_iPad.storyboard */,
				DDBB77F618DFBA7000B09F36 /* FirstViewController.h */,
				DDBB77F718DFBA7000B09F36 /* FirstViewController.m */,
				DDBB77F918DFBA7000B09F36 /* SecondViewController.h */,
				DDBB77FA18DFBA7000B09F36 /* SecondViewController.m */,
				DDBB77FC18DFBA7000B09F36 /* Images.xcassets */,
				DDBB77E518DFBA7000B09F36 /* Supporting Files */,
			);
			path = Week9Assignment;
			sourceTree = "<group>";
		};
		DDBB77E518DFBA7000B09F36 /* Supporting Files */ = {
			isa = PBXGroup;
			children = (
				DDBB77E618DFBA7000B09F36 /* Week9Assignment-Info.plist */,
				DDBB77E718DFBA7000B09F36 /* InfoPlist.strings */,
				DDBB77EA18DFBA7000B09F36 /* main.m */,
				DDBB77EC18DFBA7000B09F36 /* Week9Assignment-Prefix.pch */,
			);
			name = "Supporting Files";
			sourceTree = "<group>";
		};
		DDBB780918DFBA7000B09F36 /* Week9AssignmentTests */ = {
			isa = PBXGroup;
			children = (
				DDBB780F18DFBA7000B09F36 /* Week9AssignmentTests.m */,
				DDBB780A18DFBA7000B09F36 /* Supporting Files */,
			);
			path = Week9AssignmentTests;
			sourceTree = "<group>";
		};
		DDBB780A18DFBA7000B09F36 /* Supporting Files */ = {
			isa = PBXGroup;
			children = (
				DDBB780B18DFBA7000B09F36 /* Week9AssignmentTests-Info.plist */,
				DDBB780C18DFBA7000B09F36 /* InfoPlist.strings */,
			);
			name = "Supporting Files";
			sourceTree = "<group>";
		};
/* End PBXGroup section */

/* Begin PBXNativeTarget section */
		DDBB77DA18DFBA7000B09F36 /* Week9Assignment */ = {
			isa = PBXNativeTarget;
			buildConfigurationList = DDBB781318DFBA7000B09F36 /* Build configuration list for PBXNativeTarget "Week9Assignment" */;
			buildPhases = (
				DDBB77D718DFBA7000B09F36 /* Sources */,
				DDBB77D818DFBA7000B09F36 /* Frameworks */,
				DDBB77D918DFBA7000B09F36 /* Resources */,
			);
			buildRules = (
			);
			dependencies = (
			);
			name = Week9Assignment;
			productName = Week9Assignment;
			productReference = DDBB77DB18DFBA7000B09F36 /* Week9Assignment.app */;
			productType = "com.apple.product-type.application";
		};
		DDBB780118DFBA7000B09F36 /* Week9AssignmentTests */ = {
			isa = PBXNativeTarget;
			buildConfigurationList = DDBB781618DFBA7000B09F36 /* Build configuration list for PBXNativeTarget "Week9AssignmentTests" */;
			buildPhases = (
				DDBB77FE18DFBA7000B09F36 /* Sources */,
				DDBB77FF18DFBA7000B09F36 /* Frameworks */,
				DDBB780018DFBA7000B09F36 /* Resources */,
			);
			buildRules = (
			);
			dependencies = (
				DDBB780818DFBA7000B09F36 /* PBXTargetDependency */,
			);
			name = Week9AssignmentTests;
			productName = Week9AssignmentTests;
			productReference = DDBB780218DFBA7000B09F36 /* Week9AssignmentTests.xctest */;
			productType = "com.apple.product-type.bundle.unit-test";
		};
/* End PBXNativeTarget section */

/* Begin PBXProject section */
		DDBB77D318DFBA7000B09F36 /* Project object */ = {
			isa = PBXProject;
			attributes = {
				LastUpgradeCheck = 0510;
				TargetAttributes = {
					DDBB780118DFBA7000B09F36 = {
						TestTargetID = DDBB77DA18DFBA7000B09F36;
					};
				};
			};
			buildConfigurationList = DDBB77D618DFBA7000B09F36 /* Build configuration list for PBXProject "Week9Assignment" */;
			compatibilityVersion = "Xcode 3.2";
			developmentRegion = English;
			hasScannedForEncodings = 0;
			knownRegions = (
				en,
				Base,
			);
			mainGroup = DDBB77D218DFBA7000B09F36;
			productRefGroup = DDBB77DC18DFBA7000B09F36 /* Products */;
			projectDirPath = "";
			projectRoot = "";
			targets = (
				DDBB77DA18DFBA7000B09F36 /* Week9Assignment */,
				DDBB780118DFBA7000B09F36 /* Week9AssignmentTests */,
			);
		};
/* End PBXProject section */

/* Begin PBXResourcesBuildPhase section */
		DDBB77D918DFBA7000B09F36 /* Resources */ = {
			isa = PBXResourcesBuildPhase;
			buildActionMask = 2147483647;
			files = (
				DDBB77F518DFBA7000B09F36 /* Main_iPad.storyboard in Resources */,
				DDBB77FD18DFBA7000B09F36 /* Images.xcassets in Resources */,
				DDBB77F218DFBA7000B09F36 /* Main_iPhone.storyboard in Resources */,
				DDBB77E918DFBA7000B09F36 /* InfoPlist.strings in Resources */,
			);
			runOnlyForDeploymentPostprocessing = 0;
		};
		DDBB780018DFBA7000B09F36 /* Resources */ = {
			isa = PBXResourcesBuildPhase;
			buildActionMask = 2147483647;
			files = (
				DDBB780E18DFBA7000B09F36 /* InfoPlist.strings in Resources */,
			);
			runOnlyForDeploymentPostprocessing = 0;
		};
/* End PBXResourcesBuildPhase section */

/* Begin PBXSourcesBuildPhase section */
		DDBB77D718DFBA7000B09F36 /* Sources */ = {
			isa = PBXSourcesBuildPhase;
			buildActionMask = 2147483647;
			files = (
				DDBB77FB18DFBA7000B09F36 /* SecondViewController.m in Sources */,
				DDBB77EF18DFBA7000B09F36 /* AppDelegate.m in Sources */,
				DDBB77F818DFBA7000B09F36 /* FirstViewController.m in Sources */,
				DDBB77EB18DFBA7000B09F36 /* main.m in Sources */,
			);
			runOnlyForDeploymentPostprocessing = 0;
		};
		DDBB77FE18DFBA7000B09F36 /* Sources */ = {
			isa = PBXSourcesBuildPhase;
			buildActionMask = 2147483647;
			files = (
				DDBB781018DFBA7000B09F36 /* Week9AssignmentTests.m in Sources */,
			);
			runOnlyForDeploymentPostprocessing = 0;
		};
/* End PBXSourcesBuildPhase section */

/* Begin PBXTargetDependency section */
		DDBB780818DFBA7000B09F36 /* PBXTargetDependency */ = {
			isa = PBXTargetDependency;
			target = DDBB77DA18DFBA7000B09F36 /* Week9Assignment */;
			targetProxy = DDBB780718DFBA7000B09F36 /* PBXContainerItemProxy */;
		};
/* End PBXTargetDependency section */

/* Begin PBXVariantGroup section */
		DDBB77E718DFBA7000B09F36 /* InfoPlist.strings */ = {
			isa = PBXVariantGroup;
			children = (
				DDBB77E818DFBA7000B09F36 /* en */,
			);
			name = InfoPlist.strings;
			sourceTree = "<group>";
		};
		DDBB77F018DFBA7000B09F36 /* Main_iPhone.storyboard */ = {
			isa = PBXVariantGroup;
			children = (
				DDBB77F118DFBA7000B09F36 /* Base */,
			);
			name = Main_iPhone.storyboard;
			sourceTree = "<group>";
		};
		DDBB77F318DFBA7000B09F36 /* Main_iPad.storyboard */ = {
			isa = PBXVariantGroup;
			children = (
				DDBB77F418DFBA7000B09F36 /* Base */,
			);
			name = Main_iPad.storyboard;
			sourceTree = "<group>";
		};
		DDBB780C18DFBA7000B09F36 /* InfoPlist.strings */ = {
			isa = PBXVariantGroup;
			children = (
				DDBB780D18DFBA7000B09F36 /* en */,
			);
			name = InfoPlist.strings;
			sourceTree = "<group>";
		};
/* End PBXVariantGroup section */

/* Begin XCBuildConfiguration section */
		DDBB781118DFBA7000B09F36 /* Debug */ = {
			isa = XCBuildConfiguration;
			buildSettings = {
				ALWAYS_SEARCH_USER_PATHS = NO;
				CLANG_CXX_LANGUAGE_STANDARD = "gnu++0x";
				CLANG_CXX_LIBRARY = "libc++";
				CLANG_ENABLE_MODULES = YES;
				CLANG_ENABLE_OBJC_ARC = YES;
				CLANG_WARN_BOOL_CONVERSION = YES;
				CLANG_WARN_CONSTANT_CONVERSION = YES;
				CLANG_WARN_DIRECT_OBJC_ISA_USAGE = YES_ERROR;
				CLANG_WARN_EMPTY_BODY = YES;
				CLANG_WARN_ENUM_CONVERSION = YES;
				CLANG_WARN_INT_CONVERSION = YES;
				CLANG_WARN_OBJC_ROOT_CLASS = YES_ERROR;
				CLANG_WARN__DUPLICATE_METHOD_MATCH = YES;
				"CODE_SIGN_IDENTITY[sdk=iphoneos*]" = "iPhone Developer";
				COPY_PHASE_STRIP = NO;
				GCC_C_LANGUAGE_STANDARD = gnu99;
				GCC_DYNAMIC_NO_PIC = NO;
				GCC_OPTIMIZATION_LEVEL = 0;
				GCC_PREPROCESSOR_DEFINITIONS = (
					"DEBUG=1",
					"$(inherited)",
				);
				GCC_SYMBOLS_PRIVATE_EXTERN = NO;
				GCC_WARN_64_TO_32_BIT_CONVERSION = YES;
				GCC_WARN_ABOUT_RETURN_TYPE = YES_ERROR;
				GCC_WARN_UNDECLARED_SELECTOR = YES;
				GCC_WARN_UNINITIALIZED_AUTOS = YES_AGGRESSIVE;
				GCC_WARN_UNUSED_FUNCTION = YES;
				GCC_WARN_UNUSED_VARIABLE = YES;
				IPHONEOS_DEPLOYMENT_TARGET = 7.1;
				ONLY_ACTIVE_ARCH = YES;
				SDKROOT = iphoneos;
				TARGETED_DEVICE_FAMILY = "1,2";
			};
			name = Debug;
		};
		DDBB781218DFBA7000B09F36 /* Release */ = {
			isa = XCBuildConfiguration;
			buildSettings = {
				ALWAYS_SEARCH_USER_PATHS = NO;
				CLANG_CXX_LANGUAGE_STANDARD = "gnu++0x";
				CLANG_CXX_LIBRARY = "libc++";
				CLANG_ENABLE_MODULES = YES;
				CLANG_ENABLE_OBJC_ARC = YES;
				CLANG_WARN_BOOL_CONVERSION = YES;
				CLANG_WARN_CONSTANT_CONVERSION = YES;
				CLANG_WARN_DIRECT_OBJC_ISA_USAGE = YES_ERROR;
				CLANG_WARN_EMPTY_BODY = YES;
				CLANG_WARN_ENUM_CONVERSION = YES;
				CLANG_WARN_INT_CONVERSION = YES;
				CLANG_WARN_OBJC_ROOT_CLASS = YES_ERROR;
				CLANG_WARN__DUPLICATE_METHOD_MATCH = YES;
				"CODE_SIGN_IDENTITY[sdk=iphoneos*]" = "iPhone Developer";
				COPY_PHASE_STRIP = YES;
				ENABLE_NS_ASSERTIONS = NO;
				GCC_C_LANGUAGE_STANDARD = gnu99;
				GCC_WARN_64_TO_32_BIT_CONVERSION = YES;
				GCC_WARN_ABOUT_RETURN_TYPE = YES_ERROR;
				GCC_WARN_UNDECLARED_SELECTOR = YES;
				GCC_WARN_UNINITIALIZED_AUTOS = YES_AGGRESSIVE;
				GCC_WARN_UNUSED_FUNCTION = YES;
				GCC_WARN_UNUSED_VARIABLE = YES;
				IPHONEOS_DEPLOYMENT_TARGET = 7.1;
				SDKROOT = iphoneos;
				TARGETED_DEVICE_FAMILY = "1,2";
				VALIDATE_PRODUCT = YES;
			};
			name = Release;
		};
		DDBB781418DFBA7000B09F36 /* Debug */ = {
			isa = XCBuildConfiguration;
			buildSettings = {
				ASSETCATALOG_COMPILER_APPICON_NAME = AppIcon;
				ASSETCATALOG_COMPILER_LAUNCHIMAGE_NAME = LaunchImage;
				GCC_PRECOMPILE_PREFIX_HEADER = YES;
				GCC_PREFIX_HEADER = "Week9Assignment/Week9Assignment-Prefix.pch";
				INFOPLIST_FILE = "Week9Assignment/Week9Assignment-Info.plist";
				PRODUCT_NAME = "$(TARGET_NAME)";
				WRAPPER_EXTENSION = app;
			};
			name = Debug;
		};
		DDBB781518DFBA7000B09F36 /* Release */ = {
			isa = XCBuildConfiguration;
			buildSettings = {
				ASSETCATALOG_COMPILER_APPICON_NAME = AppIcon;
				ASSETCATALOG_COMPILER_LAUNCHIMAGE_NAME = LaunchImage;
				GCC_PRECOMPILE_PREFIX_HEADER = YES;
				GCC_PREFIX_HEADER = "Week9Assignment/Week9Assignment-Prefix.pch";
				INFOPLIST_FILE = "Week9Assignment/Week9Assignment-Info.plist";
				PRODUCT_NAME = "$(TARGET_NAME)";
				WRAPPER_EXTENSION = app;
			};
			name = Release;
		};
		DDBB781718DFBA7000B09F36 /* Debug */ = {
			isa = XCBuildConfiguration;
			buildSettings = {
				BUNDLE_LOADER = "$(BUILT_PRODUCTS_DIR)/Week9Assignment.app/Week9Assignment";
				FRAMEWORK_SEARCH_PATHS = (
					"$(SDKROOT)/Developer/Library/Frameworks",
					"$(inherited)",
					"$(DEVELOPER_FRAMEWORKS_DIR)",
				);
				GCC_PRECOMPILE_PREFIX_HEADER = YES;
				GCC_PREFIX_HEADER = "Week9Assignment/Week9Assignment-Prefix.pch";
				GCC_PREPROCESSOR_DEFINITIONS = (
					"DEBUG=1",
					"$(inherited)",
				);
				INFOPLIST_FILE = "Week9AssignmentTests/Week9AssignmentTests-Info.plist";
				PRODUCT_NAME = "$(TARGET_NAME)";
				TEST_HOST = "$(BUNDLE_LOADER)";
				WRAPPER_EXTENSION = xctest;
			};
			name = Debug;
		};
		DDBB781818DFBA7000B09F36 /* Release */ = {
			isa = XCBuildConfiguration;
			buildSettings = {
				BUNDLE_LOADER = "$(BUILT_PRODUCTS_DIR)/Week9Assignment.app/Week9Assignment";
				FRAMEWORK_SEARCH_PATHS = (
					"$(SDKROOT)/Developer/Library/Frameworks",
					"$(inherited)",
					"$(DEVELOPER_FRAMEWORKS_DIR)",
				);
				GCC_PRECOMPILE_PREFIX_HEADER = YES;
				GCC_PREFIX_HEADER = "Week9Assignment/Week9Assignment-Prefix.pch";
				INFOPLIST_FILE = "Week9AssignmentTests/Week9AssignmentTests-Info.plist";
				PRODUCT_NAME = "$(TARGET_NAME)";
				TEST_HOST = "$(BUNDLE_LOADER)";
				WRAPPER_EXTENSION = xctest;
			};
			name = Release;
		};
/* End XCBuildConfiguration section */

/* Begin XCConfigurationList section */
		DDBB77D618DFBA7000B09F36 /* Build configuration list for PBXProject "Week9Assignment" */ = {
			isa = XCConfigurationList;
			buildConfigurations = (
				DDBB781118DFBA7000B09F36 /* Debug */,
				DDBB781218DFBA7000B09F36 /* Release */,
			);
			defaultConfigurationIsVisible = 0;
			defaultConfigurationName = Release;
		};
		DDBB781318DFBA7000B09F36 /* Build configuration list for PBXNativeTarget "Week9Assignment" */ = {
			isa = XCConfigurationList;
			buildConfigurations = (
				DDBB781418DFBA7000B09F36 /* Debug */,
				DDBB781518DFBA7000B09F36 /* Release */,
			);
			defaultConfigurationIsVisible = 0;
		};
		DDBB781618DFBA7000B09F36 /* Build configuration list for PBXNativeTarget "Week9AssignmentTests" */ = {
			isa = XCConfigurationList;
			buildConfigurations = (
				DDBB781718DFBA7000B09F36 /* Debug */,
				DDBB781818DFBA7000B09F36 /* Release */,
			);
			defaultConfigurationIsVisible = 0;
		};
/* End XCConfigurationList section */
	};
	rootObject = DDBB77D318DFBA7000B09F36 /* Project object */;
}
